{
    "_readme": [
        "This file locks the dependencies of your project to a known state",
        "Read more about it at https://getcomposer.org/doc/01-basic-usage.md#composer-lock-the-lock-file",
        "This file is @generated automatically"
    ],
    "hash": "a78139e075cca146f8cf8349157c1795",
    "content-hash": "fb3dbaa40eec949ca436cfc892b72aba",
    "packages": [
        {
            "name": "hisamu/php-xbase",
            "version": "dev-master",
            "source": {
                "type": "git",
                "url": "https://github.com/hisamu/php-xbase.git",
                "reference": "26ceae6c7ca67d67132b5c1108e5e2906343631d"
            },
            "dist": {
                "type": "zip",
                "url": "https://api.github.com/repos/hisamu/php-xbase/zipball/26ceae6c7ca67d67132b5c1108e5e2906343631d",
                "reference": "26ceae6c7ca67d67132b5c1108e5e2906343631d",
                "shasum": ""
            },
            "require": {
                "php": ">=5.3.0"
            },
            "type": "library",
            "autoload": {
                "psr-0": {
                    "XBase": "src/"
                }
            },
            "license": [
                "MIT"
            ],
            "authors": [
                {
                    "name": "Luã de Souza",
                    "email": "lsouza@codeinc.com.br"
                },
                {
                    "name": "Erwin Kooi",
                    "email": "info@cyane.nl"
                }
            ],
            "description": "A simple parser for *.dbf, *.fpt files using PHP",
            "homepage": "https://github.com/hisamu/php-xbase",
            "keywords": [
                "dbase",
                "foxpro"
            ],
            "support": {
                "source": "https://github.com/hisamu/php-xbase/tree/1.0.5",
                "issues": "https://github.com/hisamu/php-xbase/issues"
            },
            "time": "2017-01-09 22:28:13"
        }
    ],
    "packages-dev": [],
    "aliases": [],
    "minimum-stability": "stable",
    "stability-flags": {
        "hisamu/php-xbase": 20
    },
    "prefer-stable": false,
    "prefer-lowest": false,
    "platform": {
        "php": ">=5.3.0"
    },
    "platform-dev": []
}
